
Microsoft Visual Studio Solution File, Format Version 12.00
# Visual Studio Version 17
VisualStudioVersion = 17.4.33205.214
MinimumVisualStudioVersion = 10.0.40219.1
Project("{8BC9CEB8-8B4A-11D0-8D11-00A0C91BC942}") = "video_handling", "video_handling\video_handling.vcxproj", "{5393F733-4D96-4A40-902B-9AC697F82A86}"
EndProject
Project("{8BC9CEB8-8B4A-11D0-8D11-00A0C91BC942}") = "video_handling_tests", "video_handling_tests\video_handling_tests.vcxproj", "{A00E1524-7725-42CF-8971-D88B5435AB44}"
EndProject
Global
	GlobalSection(SolutionConfigurationPlatforms) = preSolution
		Debug|x64 = Debug|x64
		Debug|x86 = Debug|x86
		Release|x64 = Release|x64
		Release|x86 = Release|x86
	EndGlobalSection
	GlobalSection(ProjectConfigurationPlatforms) = postSolution
		{5393F733-4D96-4A40-902B-9AC697F82A86}.Debug|x64.ActiveCfg = Debug|x64
		{5393F733-4D96-4A40-902B-9AC697F82A86}.Debug|x64.Build.0 = Debug|x64
		{5393F733-4D96-4A40-902B-9AC697F82A86}.Debug|x86.ActiveCfg = Debug|Win32
		{5393F733-4D96-4A40-902B-9AC697F82A86}.Debug|x86.Build.0 = Debug|Win32
		{5393F733-4D96-4A40-902B-9AC697F82A86}.Release|x64.ActiveCfg = Release|x64
		{5393F733-4D96-4A40-902B-9AC697F82A86}.Release|x64.Build.0 = Release|x64
		{5393F733-4D96-4A40-902B-9AC697F82A86}.Release|x86.ActiveCfg = Release|Win32
		{5393F733-4D96-4A40-902B-9AC697F82A86}.Release|x86.Build.0 = Release|Win32
		{A00E1524-7725-42CF-8971-D88B5435AB44}.Debug|x64.ActiveCfg = Debug|x64
		{A00E1524-7725-42CF-8971-D88B5435AB44}.Debug|x64.Build.0 = Debug|x64
		{A00E1524-7725-42CF-8971-D88B5435AB44}.Debug|x86.ActiveCfg = Debug|Win32
		{A00E1524-7725-42CF-8971-D88B5435AB44}.Debug|x86.Build.0 = Debug|Win32
		{A00E1524-7725-42CF-8971-D88B5435AB44}.Release|x64.ActiveCfg = Release|x64
		{A00E1524-7725-42CF-8971-D88B5435AB44}.Release|x64.Build.0 = Release|x64
		{A00E1524-7725-42CF-8971-D88B5435AB44}.Release|x86.ActiveCfg = Release|Win32
		{A00E1524-7725-42CF-8971-D88B5435AB44}.Release|x86.Build.0 = Release|Win32
	EndGlobalSection
	GlobalSection(SolutionProperties) = preSolution
		HideSolutionNode = FALSE
	EndGlobalSection
	GlobalSection(ExtensibilityGlobals) = postSolution
		SolutionGuid = {3A18E54B-C2C7-4D0A-A280-5D445378E7D1}
	EndGlobalSection
EndGlobal
